
Microsoft Visual Studio Solution File, Format Version 12.00
# Visual Studio 2013
VisualStudioVersion = 12.0.21005.1
MinimumVisualStudioVersion = 10.0.40219.1
Project("{FAE04EC0-301F-11D3-BF4B-00C04F79EFBC}") = "Life", "Life\Life.csproj", "{1E60CD9C-14D6-4356-AA6E-D204087C2426}"
EndProject
Project("{FAE04EC0-301F-11D3-BF4B-00C04F79EFBC}") = "Life.Tests", "Life.Tests\Life.Tests.csproj", "{0CDEA7D1-2883-48A7-96C2-097DE9C2E1F4}"
EndProject
Project("{FAE04EC0-301F-11D3-BF4B-00C04F79EFBC}") = "Life.ConsoleUI", "Life.ConsoleUI\Life.ConsoleUI.csproj", "{C079BB85-2FB7-499A-9225-B7B69608A445}"
EndProject
Global
	GlobalSection(SolutionConfigurationPlatforms) = preSolution
		Debug|Any CPU = Debug|Any CPU
		Release|Any CPU = Release|Any CPU
	EndGlobalSection
	GlobalSection(ProjectConfigurationPlatforms) = postSolution
		{1E60CD9C-14D6-4356-AA6E-D204087C2426}.Debug|Any CPU.ActiveCfg = Debug|Any CPU
		{1E60CD9C-14D6-4356-AA6E-D204087C2426}.Debug|Any CPU.Build.0 = Debug|Any CPU
		{1E60CD9C-14D6-4356-AA6E-D204087C2426}.Release|Any CPU.ActiveCfg = Release|Any CPU
		{1E60CD9C-14D6-4356-AA6E-D204087C2426}.Release|Any CPU.Build.0 = Release|Any CPU
		{0CDEA7D1-2883-48A7-96C2-097DE9C2E1F4}.Debug|Any CPU.ActiveCfg = Debug|Any CPU
		{0CDEA7D1-2883-48A7-96C2-097DE9C2E1F4}.Debug|Any CPU.Build.0 = Debug|Any CPU
		{0CDEA7D1-2883-48A7-96C2-097DE9C2E1F4}.Release|Any CPU.ActiveCfg = Release|Any CPU
		{0CDEA7D1-2883-48A7-96C2-097DE9C2E1F4}.Release|Any CPU.Build.0 = Release|Any CPU
		{C079BB85-2FB7-499A-9225-B7B69608A445}.Debug|Any CPU.ActiveCfg = Debug|Any CPU
		{C079BB85-2FB7-499A-9225-B7B69608A445}.Debug|Any CPU.Build.0 = Debug|Any CPU
		{C079BB85-2FB7-499A-9225-B7B69608A445}.Release|Any CPU.ActiveCfg = Release|Any CPU
		{C079BB85-2FB7-499A-9225-B7B69608A445}.Release|Any CPU.Build.0 = Release|Any CPU
	EndGlobalSection
	GlobalSection(SolutionProperties) = preSolution
		HideSolutionNode = FALSE
	EndGlobalSection
EndGlobal
